
Microsoft Visual Studio Solution File, Format Version 12.00
# Visual Studio Version 16
VisualStudioVersion = 16.0.29806.167
MinimumVisualStudioVersion = 10.0.40219.1
Project("{FAE04EC0-301F-11D3-BF4B-00C04F79EFBC}") = "AssemblyLoader.Console", "AssemblyLoader.Console\AssemblyLoader.Console.csproj", "{268DBD41-733D-414A-B43D-FB8C2C59481A}"
EndProject
Project("{FAE04EC0-301F-11D3-BF4B-00C04F79EFBC}") = "MathLibrary", "MathLibrary\MathLibrary.csproj", "{EDEE25A2-6E95-4BA2-9187-3FD201D6BA4C}"
EndProject
Project("{FAE04EC0-301F-11D3-BF4B-00C04F79EFBC}") = "TextLibrary", "TextLibrary\TextLibrary.csproj", "{DFA02C05-DB74-4B63-87B6-6B6E933BC374}"
EndProject
Global
	GlobalSection(SolutionConfigurationPlatforms) = preSolution
		Debug|Any CPU = Debug|Any CPU
		Release|Any CPU = Release|Any CPU
	EndGlobalSection
	GlobalSection(ProjectConfigurationPlatforms) = postSolution
		{268DBD41-733D-414A-B43D-FB8C2C59481A}.Debug|Any CPU.ActiveCfg = Debug|Any CPU
		{268DBD41-733D-414A-B43D-FB8C2C59481A}.Debug|Any CPU.Build.0 = Debug|Any CPU
		{268DBD41-733D-414A-B43D-FB8C2C59481A}.Release|Any CPU.ActiveCfg = Release|Any CPU
		{268DBD41-733D-414A-B43D-FB8C2C59481A}.Release|Any CPU.Build.0 = Release|Any CPU
		{EDEE25A2-6E95-4BA2-9187-3FD201D6BA4C}.Debug|Any CPU.ActiveCfg = Debug|Any CPU
		{EDEE25A2-6E95-4BA2-9187-3FD201D6BA4C}.Debug|Any CPU.Build.0 = Debug|Any CPU
		{EDEE25A2-6E95-4BA2-9187-3FD201D6BA4C}.Release|Any CPU.ActiveCfg = Release|Any CPU
		{EDEE25A2-6E95-4BA2-9187-3FD201D6BA4C}.Release|Any CPU.Build.0 = Release|Any CPU
		{DFA02C05-DB74-4B63-87B6-6B6E933BC374}.Debug|Any CPU.ActiveCfg = Debug|Any CPU
		{DFA02C05-DB74-4B63-87B6-6B6E933BC374}.Debug|Any CPU.Build.0 = Debug|Any CPU
		{DFA02C05-DB74-4B63-87B6-6B6E933BC374}.Release|Any CPU.ActiveCfg = Release|Any CPU
		{DFA02C05-DB74-4B63-87B6-6B6E933BC374}.Release|Any CPU.Build.0 = Release|Any CPU
	EndGlobalSection
	GlobalSection(SolutionProperties) = preSolution
		HideSolutionNode = FALSE
	EndGlobalSection
	GlobalSection(ExtensibilityGlobals) = postSolution
		SolutionGuid = {FF4E8A9A-1A74-4BCB-9F90-6035DCDBD4E0}
	EndGlobalSection
EndGlobal
